
Microsoft Visual Studio Solution File, Format Version 12.00
# Visual Studio 14
VisualStudioVersion = 14.0.23107.0
MinimumVisualStudioVersion = 10.0.40219.1
Project("{FAE04EC0-301F-11D3-BF4B-00C04F79EFBC}") = "DataLayer", "DataLayer\DataLayer.csproj", "{FB26CEDE-C328-4290-AA10-571DB0E4D82F}"
EndProject
Project("{FAE04EC0-301F-11D3-BF4B-00C04F79EFBC}") = "DomainLayer", "DomainLayer\DomainLayer.csproj", "{C1F3647F-3DE2-41B4-952B-84B2D8F75E4F}"
EndProject
Project("{FAE04EC0-301F-11D3-BF4B-00C04F79EFBC}") = "ServiceLayer", "ServiceLayer\ServiceLayer.csproj", "{D5F9868B-F5B5-41DE-9560-EF89C18AE646}"
EndProject
Project("{FAE04EC0-301F-11D3-BF4B-00C04F79EFBC}") = "FrameWork", "FrameWork\FrameWork.csproj", "{153806A5-92FC-4071-9A96-94F1B62D2AE3}"
EndProject
Project("{FAE04EC0-301F-11D3-BF4B-00C04F79EFBC}") = "ObjectFactory", "ObjectFactory\ObjectFactory.csproj", "{BF61FBD1-DC04-4FA4-A6AE-79709F77A594}"
EndProject
Project("{FAE04EC0-301F-11D3-BF4B-00C04F79EFBC}") = "WebApplicationMVC", "WebApplicationMVC\WebApplicationMVC.csproj", "{D98D2F8A-90D7-4BB0-A019-CFA07DD2A5BA}"
EndProject
Project("{FAE04EC0-301F-11D3-BF4B-00C04F79EFBC}") = "AOP", "AOP\AOP.csproj", "{18474DDA-C5DB-4EBF-8D02-C73012861997}"
EndProject
Project("{2150E333-8FDC-42A3-9474-1A3956D46DE8}") = "Layers", "Layers", "{735DAB75-CB23-455D-A4AD-DB603EDF3952}"
EndProject
Project("{2150E333-8FDC-42A3-9474-1A3956D46DE8}") = "UI", "UI", "{CFADEFF6-8707-4EAB-9437-C794E07CE5C7}"
EndProject
Project("{2150E333-8FDC-42A3-9474-1A3956D46DE8}") = "ToolsAndFrameWork", "ToolsAndFrameWork", "{10C99239-4D5E-49CD-A8C8-EE6D3A129931}"
EndProject
Global
	GlobalSection(SolutionConfigurationPlatforms) = preSolution
		Debug|Any CPU = Debug|Any CPU
		Release|Any CPU = Release|Any CPU
	EndGlobalSection
	GlobalSection(ProjectConfigurationPlatforms) = postSolution
		{FB26CEDE-C328-4290-AA10-571DB0E4D82F}.Debug|Any CPU.ActiveCfg = Debug|Any CPU
		{FB26CEDE-C328-4290-AA10-571DB0E4D82F}.Debug|Any CPU.Build.0 = Debug|Any CPU
		{FB26CEDE-C328-4290-AA10-571DB0E4D82F}.Release|Any CPU.ActiveCfg = Release|Any CPU
		{FB26CEDE-C328-4290-AA10-571DB0E4D82F}.Release|Any CPU.Build.0 = Release|Any CPU
		{C1F3647F-3DE2-41B4-952B-84B2D8F75E4F}.Debug|Any CPU.ActiveCfg = Debug|Any CPU
		{C1F3647F-3DE2-41B4-952B-84B2D8F75E4F}.Debug|Any CPU.Build.0 = Debug|Any CPU
		{C1F3647F-3DE2-41B4-952B-84B2D8F75E4F}.Release|Any CPU.ActiveCfg = Release|Any CPU
		{C1F3647F-3DE2-41B4-952B-84B2D8F75E4F}.Release|Any CPU.Build.0 = Release|Any CPU
		{D5F9868B-F5B5-41DE-9560-EF89C18AE646}.Debug|Any CPU.ActiveCfg = Debug|Any CPU
		{D5F9868B-F5B5-41DE-9560-EF89C18AE646}.Debug|Any CPU.Build.0 = Debug|Any CPU
		{D5F9868B-F5B5-41DE-9560-EF89C18AE646}.Release|Any CPU.ActiveCfg = Release|Any CPU
		{D5F9868B-F5B5-41DE-9560-EF89C18AE646}.Release|Any CPU.Build.0 = Release|Any CPU
		{153806A5-92FC-4071-9A96-94F1B62D2AE3}.Debug|Any CPU.ActiveCfg = Debug|Any CPU
		{153806A5-92FC-4071-9A96-94F1B62D2AE3}.Debug|Any CPU.Build.0 = Debug|Any CPU
		{153806A5-92FC-4071-9A96-94F1B62D2AE3}.Release|Any CPU.ActiveCfg = Release|Any CPU
		{153806A5-92FC-4071-9A96-94F1B62D2AE3}.Release|Any CPU.Build.0 = Release|Any CPU
		{BF61FBD1-DC04-4FA4-A6AE-79709F77A594}.Debug|Any CPU.ActiveCfg = Debug|Any CPU
		{BF61FBD1-DC04-4FA4-A6AE-79709F77A594}.Debug|Any CPU.Build.0 = Debug|Any CPU
		{BF61FBD1-DC04-4FA4-A6AE-79709F77A594}.Release|Any CPU.ActiveCfg = Release|Any CPU
		{BF61FBD1-DC04-4FA4-A6AE-79709F77A594}.Release|Any CPU.Build.0 = Release|Any CPU
		{D98D2F8A-90D7-4BB0-A019-CFA07DD2A5BA}.Debug|Any CPU.ActiveCfg = Debug|Any CPU
		{D98D2F8A-90D7-4BB0-A019-CFA07DD2A5BA}.Debug|Any CPU.Build.0 = Debug|Any CPU
		{D98D2F8A-90D7-4BB0-A019-CFA07DD2A5BA}.Release|Any CPU.ActiveCfg = Release|Any CPU
		{D98D2F8A-90D7-4BB0-A019-CFA07DD2A5BA}.Release|Any CPU.Build.0 = Release|Any CPU
		{18474DDA-C5DB-4EBF-8D02-C73012861997}.Debug|Any CPU.ActiveCfg = Debug|Any CPU
		{18474DDA-C5DB-4EBF-8D02-C73012861997}.Debug|Any CPU.Build.0 = Debug|Any CPU
		{18474DDA-C5DB-4EBF-8D02-C73012861997}.Release|Any CPU.ActiveCfg = Release|Any CPU
		{18474DDA-C5DB-4EBF-8D02-C73012861997}.Release|Any CPU.Build.0 = Release|Any CPU
	EndGlobalSection
	GlobalSection(SolutionProperties) = preSolution
		HideSolutionNode = FALSE
	EndGlobalSection
	GlobalSection(NestedProjects) = preSolution
		{FB26CEDE-C328-4290-AA10-571DB0E4D82F} = {735DAB75-CB23-455D-A4AD-DB603EDF3952}
		{C1F3647F-3DE2-41B4-952B-84B2D8F75E4F} = {735DAB75-CB23-455D-A4AD-DB603EDF3952}
		{D5F9868B-F5B5-41DE-9560-EF89C18AE646} = {735DAB75-CB23-455D-A4AD-DB603EDF3952}
		{153806A5-92FC-4071-9A96-94F1B62D2AE3} = {10C99239-4D5E-49CD-A8C8-EE6D3A129931}
		{BF61FBD1-DC04-4FA4-A6AE-79709F77A594} = {10C99239-4D5E-49CD-A8C8-EE6D3A129931}
		{D98D2F8A-90D7-4BB0-A019-CFA07DD2A5BA} = {CFADEFF6-8707-4EAB-9437-C794E07CE5C7}
		{18474DDA-C5DB-4EBF-8D02-C73012861997} = {10C99239-4D5E-49CD-A8C8-EE6D3A129931}
	EndGlobalSection
EndGlobal
